
Microsoft Visual Studio Solution File, Format Version 12.00
# Visual Studio 15
VisualStudioVersion = 15.0.26730.12
MinimumVisualStudioVersion = 10.0.40219.1
Project("{9A19103F-16F7-4668-BE54-9A1E7A4F7556}") = "Dapper.UnitOfWork", "src\Dapper.UnitOfWork\Dapper.UnitOfWork.csproj", "{0A7C1A12-FB09-4AA9-BE9E-3D89279FE17E}"
EndProject
Project("{2150E333-8FDC-42A3-9474-1A3956D46DE8}") = "Solution Items", "Solution Items", "{F35BF56D-DA86-400C-A58D-3FFF38CB5878}"
	ProjectSection(SolutionItems) = preProject
		README.md = README.md
	EndProjectSection
EndProject
Global
	GlobalSection(SolutionConfigurationPlatforms) = preSolution
		Debug|Any CPU = Debug|Any CPU
		Release|Any CPU = Release|Any CPU
	EndGlobalSection
	GlobalSection(ProjectConfigurationPlatforms) = postSolution
		{0A7C1A12-FB09-4AA9-BE9E-3D89279FE17E}.Debug|Any CPU.ActiveCfg = Release|Any CPU
		{0A7C1A12-FB09-4AA9-BE9E-3D89279FE17E}.Debug|Any CPU.Build.0 = Release|Any CPU
		{0A7C1A12-FB09-4AA9-BE9E-3D89279FE17E}.Release|Any CPU.ActiveCfg = Release|Any CPU
		{0A7C1A12-FB09-4AA9-BE9E-3D89279FE17E}.Release|Any CPU.Build.0 = Release|Any CPU
	EndGlobalSection
	GlobalSection(SolutionProperties) = preSolution
		HideSolutionNode = FALSE
	EndGlobalSection
	GlobalSection(ExtensibilityGlobals) = postSolution
		SolutionGuid = {084859E9-FE99-4470-8358-D31BDADD5688}
	EndGlobalSection
EndGlobal
